
Microsoft Visual Studio Solution File, Format Version 12.00
# Visual Studio Version 16
VisualStudioVersion = 16.0.32428.217
MinimumVisualStudioVersion = 10.0.40219.1
Project("{9A19103F-16F7-4668-BE54-9A1E7A4F7556}") = "Core_API", "Core_API.csproj", "{2D65F435-4430-4204-A3D0-A968C0A11203}"
EndProject
Global
	GlobalSection(SolutionConfigurationPlatforms) = preSolution
		Debug|Any CPU = Debug|Any CPU
		Release|Any CPU = Release|Any CPU
	EndGlobalSection
	GlobalSection(ProjectConfigurationPlatforms) = postSolution
		{2D65F435-4430-4204-A3D0-A968C0A11203}.Debug|Any CPU.ActiveCfg = Debug|Any CPU
		{2D65F435-4430-4204-A3D0-A968C0A11203}.Debug|Any CPU.Build.0 = Debug|Any CPU
		{2D65F435-4430-4204-A3D0-A968C0A11203}.Release|Any CPU.ActiveCfg = Release|Any CPU
		{2D65F435-4430-4204-A3D0-A968C0A11203}.Release|Any CPU.Build.0 = Release|Any CPU
	EndGlobalSection
	GlobalSection(SolutionProperties) = preSolution
		HideSolutionNode = FALSE
	EndGlobalSection
	GlobalSection(ExtensibilityGlobals) = postSolution
		SolutionGuid = {529760C3-BF3E-406E-B2E5-88428268F0D7}
	EndGlobalSection
EndGlobal
